// !$*UTF8*$!
{
	archiveVersion = 1;
	classes = {
	};
	objectVersion = 46;
	objects = {

/* Begin PBXBuildFile section */
		04A74DCA2D07E99493300264 /* Pods_POCSOSUITests.framework in Frameworks */ = {isa = PBXBuildFile; fileRef = E7388BED3F58B1552701D818 /* Pods_POCSOSUITests.framework */; };
		40A4C1D3F48A690EE8BC5554 /* Pods_POCSOS.framework in Frameworks */ = {isa = PBXBuildFile; fileRef = 3F20C7F890B102D387BD41AF /* Pods_POCSOS.framework */; };
		97AFF56729185BE78F7EEE68 /* Pods_POCSOSTests.framework in Frameworks */ = {isa = PBXBuildFile; fileRef = C746599AF03B9285426E4D07 /* Pods_POCSOSTests.framework */; };
		E11E48FA1EBB255C00ED83B0 /* main.m in Sources */ = {isa = PBXBuildFile; fileRef = E11E48F91EBB255C00ED83B0 /* main.m */; };
		E11E48FD1EBB255C00ED83B0 /* AppDelegate.m in Sources */ = {isa = PBXBuildFile; fileRef = E11E48FC1EBB255C00ED83B0 /* AppDelegate.m */; };
		E11E49001EBB255C00ED83B0 /* ViewController.m in Sources */ = {isa = PBXBuildFile; fileRef = E11E48FF1EBB255C00ED83B0 /* ViewController.m */; };
		E11E49051EBB255C00ED83B0 /* Assets.xcassets in Resources */ = {isa = PBXBuildFile; fileRef = E11E49041EBB255C00ED83B0 /* Assets.xcassets */; };
		E11E49131EBB255C00ED83B0 /* POCSOSTests.m in Sources */ = {isa = PBXBuildFile; fileRef = E11E49121EBB255C00ED83B0 /* POCSOSTests.m */; };
		E11E491E1EBB255C00ED83B0 /* POCSOSUITests.m in Sources */ = {isa = PBXBuildFile; fileRef = E11E491D1EBB255C00ED83B0 /* POCSOSUITests.m */; };
		E14B2E9D1EC225DC00955C6D /* CustoUiViewController.m in Sources */ = {isa = PBXBuildFile; fileRef = E14B2E9C1EC225DC00955C6D /* CustoUiViewController.m */; };
		E1A9A4CA1EC4B34300D10064 /* Storyboard.msb.storyboard in Resources */ = {isa = PBXBuildFile; fileRef = E1A9A4C91EC4B34300D10064 /* Storyboard.msb.storyboard */; };
		E1A9A4CB1EC4B74F00D10064 /* Main.storyboard in Resources */ = {isa = PBXBuildFile; fileRef = E11E49011EBB255C00ED83B0 /* Main.storyboard */; };
		E1A9A4D21EC4C08100D10064 /* RootViewController.m in Sources */ = {isa = PBXBuildFile; fileRef = E1A9A4D01EC4C08100D10064 /* RootViewController.m */; };
/* End PBXBuildFile section */

/* Begin PBXContainerItemProxy section */
		E11E490F1EBB255C00ED83B0 /* PBXContainerItemProxy */ = {
			isa = PBXContainerItemProxy;
			containerPortal = E11E48ED1EBB255C00ED83B0 /* Project object */;
			proxyType = 1;
			remoteGlobalIDString = E11E48F41EBB255C00ED83B0;
			remoteInfo = POCSOS;
		};
		E11E491A1EBB255C00ED83B0 /* PBXContainerItemProxy */ = {
			isa = PBXContainerItemProxy;
			containerPortal = E11E48ED1EBB255C00ED83B0 /* Project object */;
			proxyType = 1;
			remoteGlobalIDString = E11E48F41EBB255C00ED83B0;
			remoteInfo = POCSOS;
		};
/* End PBXContainerItemProxy section */

/* Begin PBXFileReference section */
		11EE04944C9882F9017FAE10 /* Pods-POCSOSTests.release.xcconfig */ = {isa = PBXFileReference; includeInIndex = 1; lastKnownFileType = text.xcconfig; name = "Pods-POCSOSTests.release.xcconfig"; path = "Pods/Target Support Files/Pods-POCSOSTests/Pods-POCSOSTests.release.xcconfig"; sourceTree = "<group>"; };
		2BA09E4BCADB651991EBB596 /* Pods-POCSOS.debug.xcconfig */ = {isa = PBXFileReference; includeInIndex = 1; lastKnownFileType = text.xcconfig; name = "Pods-POCSOS.debug.xcconfig"; path = "Pods/Target Support Files/Pods-POCSOS/Pods-POCSOS.debug.xcconfig"; sourceTree = "<group>"; };
		3F20C7F890B102D387BD41AF /* Pods_POCSOS.framework */ = {isa = PBXFileReference; explicitFileType = wrapper.framework; includeInIndex = 0; path = Pods_POCSOS.framework; sourceTree = BUILT_PRODUCTS_DIR; };
		46B183AE6FF33CF80A1E387F /* Pods-POCSOSUITests.debug.xcconfig */ = {isa = PBXFileReference; includeInIndex = 1; lastKnownFileType = text.xcconfig; name = "Pods-POCSOSUITests.debug.xcconfig"; path = "Pods/Target Support Files/Pods-POCSOSUITests/Pods-POCSOSUITests.debug.xcconfig"; sourceTree = "<group>"; };
		4AE24C9F0C0DC90E919653E8 /* Pods-POCSOSUITests.release.xcconfig */ = {isa = PBXFileReference; includeInIndex = 1; lastKnownFileType = text.xcconfig; name = "Pods-POCSOSUITests.release.xcconfig"; path = "Pods/Target Support Files/Pods-POCSOSUITests/Pods-POCSOSUITests.release.xcconfig"; sourceTree = "<group>"; };
		66EAF280AB5DE24A8C0C4315 /* Pods-POCSOSTests.debug.xcconfig */ = {isa = PBXFileReference; includeInIndex = 1; lastKnownFileType = text.xcconfig; name = "Pods-POCSOSTests.debug.xcconfig"; path = "Pods/Target Support Files/Pods-POCSOSTests/Pods-POCSOSTests.debug.xcconfig"; sourceTree = "<group>"; };
		A3D6A7CA0FC78494DC74E64D /* Pods-POCSOS.release.xcconfig */ = {isa = PBXFileReference; includeInIndex = 1; lastKnownFileType = text.xcconfig; name = "Pods-POCSOS.release.xcconfig"; path = "Pods/Target Support Files/Pods-POCSOS/Pods-POCSOS.release.xcconfig"; sourceTree = "<group>"; };
		C746599AF03B9285426E4D07 /* Pods_POCSOSTests.framework */ = {isa = PBXFileReference; explicitFileType = wrapper.framework; includeInIndex = 0; path = Pods_POCSOSTests.framework; sourceTree = BUILT_PRODUCTS_DIR; };
		E11E48F51EBB255C00ED83B0 /* POCSOS.app */ = {isa = PBXFileReference; explicitFileType = wrapper.application; includeInIndex = 0; path = POCSOS.app; sourceTree = BUILT_PRODUCTS_DIR; };
		E11E48F91EBB255C00ED83B0 /* main.m */ = {isa = PBXFileReference; lastKnownFileType = sourcecode.c.objc; path = main.m; sourceTree = "<group>"; };
		E11E48FB1EBB255C00ED83B0 /* AppDelegate.h */ = {isa = PBXFileReference; lastKnownFileType = sourcecode.c.h; path = AppDelegate.h; sourceTree = "<group>"; };
		E11E48FC1EBB255C00ED83B0 /* AppDelegate.m */ = {isa = PBXFileReference; lastKnownFileType = sourcecode.c.objc; path = AppDelegate.m; sourceTree = "<group>"; };
		E11E48FE1EBB255C00ED83B0 /* ViewController.h */ = {isa = PBXFileReference; lastKnownFileType = sourcecode.c.h; path = ViewController.h; sourceTree = "<group>"; };
		E11E48FF1EBB255C00ED83B0 /* ViewController.m */ = {isa = PBXFileReference; lastKnownFileType = sourcecode.c.objc; path = ViewController.m; sourceTree = "<group>"; };
		E11E49021EBB255C00ED83B0 /* Base */ = {isa = PBXFileReference; lastKnownFileType = file.storyboard; name = Base; path = Base.lproj/Main.storyboard; sourceTree = "<group>"; };
		E11E49041EBB255C00ED83B0 /* Assets.xcassets */ = {isa = PBXFileReference; lastKnownFileType = folder.assetcatalog; name = Assets.xcassets; path = POCSOS/Assets.xcassets; sourceTree = SOURCE_ROOT; };
		E11E49071EBB255C00ED83B0 /* Base */ = {isa = PBXFileReference; lastKnownFileType = file.storyboard; name = Base; path = Base.lproj/LaunchScreen.storyboard; sourceTree = "<group>"; };
		E11E49091EBB255C00ED83B0 /* Info.plist */ = {isa = PBXFileReference; lastKnownFileType = text.plist.xml; path = Info.plist; sourceTree = "<group>"; };
		E11E490E1EBB255C00ED83B0 /* POCSOSTests.xctest */ = {isa = PBXFileReference; explicitFileType = wrapper.cfbundle; includeInIndex = 0; path = POCSOSTests.xctest; sourceTree = BUILT_PRODUCTS_DIR; };
		E11E49121EBB255C00ED83B0 /* POCSOSTests.m */ = {isa = PBXFileReference; lastKnownFileType = sourcecode.c.objc; path = POCSOSTests.m; sourceTree = "<group>"; };
		E11E49141EBB255C00ED83B0 /* Info.plist */ = {isa = PBXFileReference; lastKnownFileType = text.plist.xml; path = Info.plist; sourceTree = "<group>"; };
		E11E49191EBB255C00ED83B0 /* POCSOSUITests.xctest */ = {isa = PBXFileReference; explicitFileType = wrapper.cfbundle; includeInIndex = 0; path = POCSOSUITests.xctest; sourceTree = BUILT_PRODUCTS_DIR; };
		E11E491D1EBB255C00ED83B0 /* POCSOSUITests.m */ = {isa = PBXFileReference; lastKnownFileType = sourcecode.c.objc; path = POCSOSUITests.m; sourceTree = "<group>"; };
		E11E491F1EBB255C00ED83B0 /* Info.plist */ = {isa = PBXFileReference; lastKnownFileType = text.plist.xml; path = Info.plist; sourceTree = "<group>"; };
		E14B2E9B1EC225DC00955C6D /* CustoUiViewController.h */ = {isa = PBXFileReference; fileEncoding = 4; lastKnownFileType = sourcecode.c.h; path = CustoUiViewController.h; sourceTree = "<group>"; };
		E14B2E9C1EC225DC00955C6D /* CustoUiViewController.m */ = {isa = PBXFileReference; fileEncoding = 4; lastKnownFileType = sourcecode.c.objc; path = CustoUiViewController.m; sourceTree = "<group>"; };
		E1A9A4C91EC4B34300D10064 /* Storyboard.msb.storyboard */ = {isa = PBXFileReference; fileEncoding = 4; lastKnownFileType = file.storyboard; path = Storyboard.msb.storyboard; sourceTree = "<group>"; };
		E1A9A4CF1EC4C08100D10064 /* RootViewController.h */ = {isa = PBXFileReference; fileEncoding = 4; lastKnownFileType = sourcecode.c.h; path = RootViewController.h; sourceTree = "<group>"; };
		E1A9A4D01EC4C08100D10064 /* RootViewController.m */ = {isa = PBXFileReference; fileEncoding = 4; lastKnownFileType = sourcecode.c.objc; path = RootViewController.m; sourceTree = "<group>"; };
		E7388BED3F58B1552701D818 /* Pods_POCSOSUITests.framework */ = {isa = PBXFileReference; explicitFileType = wrapper.framework; includeInIndex = 0; path = Pods_POCSOSUITests.framework; sourceTree = BUILT_PRODUCTS_DIR; };
/* End PBXFileReference section */

/* Begin PBXFrameworksBuildPhase section */
		E11E48F21EBB255C00ED83B0 /* Frameworks */ = {
			isa = PBXFrameworksBuildPhase;
			buildActionMask = 2147483647;
			files = (
				40A4C1D3F48A690EE8BC5554 /* Pods_POCSOS.framework in Frameworks */,
			);
			runOnlyForDeploymentPostprocessing = 0;
		};
		E11E490B1EBB255C00ED83B0 /* Frameworks */ = {
			isa = PBXFrameworksBuildPhase;
			buildActionMask = 2147483647;
			files = (
				97AFF56729185BE78F7EEE68 /* Pods_POCSOSTests.framework in Frameworks */,
			);
			runOnlyForDeploymentPostprocessing = 0;
		};
		E11E49161EBB255C00ED83B0 /* Frameworks */ = {
			isa = PBXFrameworksBuildPhase;
			buildActionMask = 2147483647;
			files = (
				04A74DCA2D07E99493300264 /* Pods_POCSOSUITests.framework in Frameworks */,
			);
			runOnlyForDeploymentPostprocessing = 0;
		};
/* End PBXFrameworksBuildPhase section */

/* Begin PBXGroup section */
		63088ED5F42182276C1C0D34 /* Frameworks */ = {
			isa = PBXGroup;
			children = (
				3F20C7F890B102D387BD41AF /* Pods_POCSOS.framework */,
				C746599AF03B9285426E4D07 /* Pods_POCSOSTests.framework */,
				E7388BED3F58B1552701D818 /* Pods_POCSOSUITests.framework */,
			);
			name = Frameworks;
			sourceTree = "<group>";
		};
		A51A25BE62A8B984A830C3B4 /* Pods */ = {
			isa = PBXGroup;
			children = (
				2BA09E4BCADB651991EBB596 /* Pods-POCSOS.debug.xcconfig */,
				A3D6A7CA0FC78494DC74E64D /* Pods-POCSOS.release.xcconfig */,
				66EAF280AB5DE24A8C0C4315 /* Pods-POCSOSTests.debug.xcconfig */,
				11EE04944C9882F9017FAE10 /* Pods-POCSOSTests.release.xcconfig */,
				46B183AE6FF33CF80A1E387F /* Pods-POCSOSUITests.debug.xcconfig */,
				4AE24C9F0C0DC90E919653E8 /* Pods-POCSOSUITests.release.xcconfig */,
			);
			name = Pods;
			sourceTree = "<group>";
		};
		E11E48EC1EBB255C00ED83B0 = {
			isa = PBXGroup;
			children = (
				E11E48F71EBB255C00ED83B0 /* POCSOS */,
				E11E49111EBB255C00ED83B0 /* POCSOSTests */,
				E11E491C1EBB255C00ED83B0 /* POCSOSUITests */,
				E11E48F61EBB255C00ED83B0 /* Products */,
				A51A25BE62A8B984A830C3B4 /* Pods */,
				63088ED5F42182276C1C0D34 /* Frameworks */,
			);
			sourceTree = "<group>";
		};
		E11E48F61EBB255C00ED83B0 /* Products */ = {
			isa = PBXGroup;
			children = (
				E11E48F51EBB255C00ED83B0 /* POCSOS.app */,
				E11E490E1EBB255C00ED83B0 /* POCSOSTests.xctest */,
				E11E49191EBB255C00ED83B0 /* POCSOSUITests.xctest */,
			);
			name = Products;
			sourceTree = "<group>";
		};
		E11E48F71EBB255C00ED83B0 /* POCSOS */ = {
			isa = PBXGroup;
			children = (
				E11E48FB1EBB255C00ED83B0 /* AppDelegate.h */,
				E11E48FC1EBB255C00ED83B0 /* AppDelegate.m */,
				E11E48FE1EBB255C00ED83B0 /* ViewController.h */,
				E11E48FF1EBB255C00ED83B0 /* ViewController.m */,
				E11E49011EBB255C00ED83B0 /* Main.storyboard */,
				E11E49041EBB255C00ED83B0 /* Assets.xcassets */,
				E11E49061EBB255C00ED83B0 /* LaunchScreen.storyboard */,
				E11E49091EBB255C00ED83B0 /* Info.plist */,
				E11E48F81EBB255C00ED83B0 /* Supporting Files */,
				E14B2E9B1EC225DC00955C6D /* CustoUiViewController.h */,
				E14B2E9C1EC225DC00955C6D /* CustoUiViewController.m */,
				E1A9A4C91EC4B34300D10064 /* Storyboard.msb.storyboard */,
				E1A9A4CF1EC4C08100D10064 /* RootViewController.h */,
				E1A9A4D01EC4C08100D10064 /* RootViewController.m */,
			);
			path = POCSOS;
			sourceTree = "<group>";
		};
		E11E48F81EBB255C00ED83B0 /* Supporting Files */ = {
			isa = PBXGroup;
			children = (
				E11E48F91EBB255C00ED83B0 /* main.m */,
			);
			name = "Supporting Files";
			sourceTree = "<group>";
		};
		E11E49111EBB255C00ED83B0 /* POCSOSTests */ = {
			isa = PBXGroup;
			children = (
				E11E49121EBB255C00ED83B0 /* POCSOSTests.m */,
				E11E49141EBB255C00ED83B0 /* Info.plist */,
			);
			path = POCSOSTests;
			sourceTree = "<group>";
		};
		E11E491C1EBB255C00ED83B0 /* POCSOSUITests */ = {
			isa = PBXGroup;
			children = (
				E11E491D1EBB255C00ED83B0 /* POCSOSUITests.m */,
				E11E491F1EBB255C00ED83B0 /* Info.plist */,
			);
			path = POCSOSUITests;
			sourceTree = "<group>";
		};
/* End PBXGroup section */

/* Begin PBXNativeTarget section */
		E11E48F41EBB255C00ED83B0 /* POCSOS */ = {
			isa = PBXNativeTarget;
			buildConfigurationList = E11E49221EBB255C00ED83B0 /* Build configuration list for PBXNativeTarget "POCSOS" */;
			buildPhases = (
				E312640BBB1750B038CB5884 /* [CP] Check Pods Manifest.lock */,
				E11E48F11EBB255C00ED83B0 /* Sources */,
				E11E48F21EBB255C00ED83B0 /* Frameworks */,
				E11E48F31EBB255C00ED83B0 /* Resources */,
				EB0E85D3A02E8E57C3F9ED43 /* [CP] Embed Pods Frameworks */,
				ECD1B90BC17DA63CD8961430 /* [CP] Copy Pods Resources */,
			);
			buildRules = (
			);
			dependencies = (
			);
			name = POCSOS;
			productName = POCSOS;
			productReference = E11E48F51EBB255C00ED83B0 /* POCSOS.app */;
			productType = "com.apple.product-type.application";
		};
		E11E490D1EBB255C00ED83B0 /* POCSOSTests */ = {
			isa = PBXNativeTarget;
			buildConfigurationList = E11E49251EBB255C00ED83B0 /* Build configuration list for PBXNativeTarget "POCSOSTests" */;
			buildPhases = (
				5780321F6084B46E841D10EB /* [CP] Check Pods Manifest.lock */,
				E11E490A1EBB255C00ED83B0 /* Sources */,
				E11E490B1EBB255C00ED83B0 /* Frameworks */,
				E11E490C1EBB255C00ED83B0 /* Resources */,
				293DAB57AF647C0CD8279510 /* [CP] Embed Pods Frameworks */,
				9F6BBED50D8C1DCEF201BAAC /* [CP] Copy Pods Resources */,
			);
			buildRules = (
			);
			dependencies = (
				E11E49101EBB255C00ED83B0 /* PBXTargetDependency */,
			);
			name = POCSOSTests;
			productName = POCSOSTests;
			productReference = E11E490E1EBB255C00ED83B0 /* POCSOSTests.xctest */;
			productType = "com.apple.product-type.bundle.unit-test";
		};
		E11E49181EBB255C00ED83B0 /* POCSOSUITests */ = {
			isa = PBXNativeTarget;
			buildConfigurationList = E11E49281EBB255C00ED83B0 /* Build configuration list for PBXNativeTarget "POCSOSUITests" */;
			buildPhases = (
				B29FB4943F8E105BE03BBD60 /* [CP] Check Pods Manifest.lock */,
				E11E49151EBB255C00ED83B0 /* Sources */,
				E11E49161EBB255C00ED83B0 /* Frameworks */,
				E11E49171EBB255C00ED83B0 /* Resources */,
				B8CE87B48994A43944CB8314 /* [CP] Embed Pods Frameworks */,
				46E1A4285819632110762B0B /* [CP] Copy Pods Resources */,
			);
			buildRules = (
			);
			dependencies = (
				E11E491B1EBB255C00ED83B0 /* PBXTargetDependency */,
			);
			name = POCSOSUITests;
			productName = POCSOSUITests;
			productReference = E11E49191EBB255C00ED83B0 /* POCSOSUITests.xctest */;
			productType = "com.apple.product-type.bundle.ui-testing";
		};
/* End PBXNativeTarget section */

/* Begin PBXProject section */
		E11E48ED1EBB255C00ED83B0 /* Project object */ = {
			isa = PBXProject;
			attributes = {
				LastUpgradeCheck = 0830;
				ORGANIZATIONNAME = "Erwan Yhuellou";
				TargetAttributes = {
					E11E48F41EBB255C00ED83B0 = {
						CreatedOnToolsVersion = 8.3.2;
						DevelopmentTeam = 359Q9UBY2Q;
						ProvisioningStyle = Automatic;
					};
					E11E490D1EBB255C00ED83B0 = {
						CreatedOnToolsVersion = 8.3.2;
						DevelopmentTeam = 359Q9UBY2Q;
						ProvisioningStyle = Automatic;
						TestTargetID = E11E48F41EBB255C00ED83B0;
					};
					E11E49181EBB255C00ED83B0 = {
						CreatedOnToolsVersion = 8.3.2;
						DevelopmentTeam = 359Q9UBY2Q;
						ProvisioningStyle = Automatic;
						TestTargetID = E11E48F41EBB255C00ED83B0;
					};
				};
			};
			buildConfigurationList = E11E48F01EBB255C00ED83B0 /* Build configuration list for PBXProject "POCSOS" */;
			compatibilityVersion = "Xcode 3.2";
			developmentRegion = English;
			hasScannedForEncodings = 0;
			knownRegions = (
				en,
				Base,
			);
			mainGroup = E11E48EC1EBB255C00ED83B0;
			productRefGroup = E11E48F61EBB255C00ED83B0 /* Products */;
			projectDirPath = "";
			projectRoot = "";
			targets = (
				E11E48F41EBB255C00ED83B0 /* POCSOS */,
				E11E490D1EBB255C00ED83B0 /* POCSOSTests */,
				E11E49181EBB255C00ED83B0 /* POCSOSUITests */,
			);
		};
/* End PBXProject section */

/* Begin PBXResourcesBuildPhase section */
		E11E48F31EBB255C00ED83B0 /* Resources */ = {
			isa = PBXResourcesBuildPhase;
			buildActionMask = 2147483647;
			files = (
				E1A9A4CB1EC4B74F00D10064 /* Main.storyboard in Resources */,
				E11E49051EBB255C00ED83B0 /* Assets.xcassets in Resources */,
				E1A9A4CA1EC4B34300D10064 /* Storyboard.msb.storyboard in Resources */,
			);
			runOnlyForDeploymentPostprocessing = 0;
		};
		E11E490C1EBB255C00ED83B0 /* Resources */ = {
			isa = PBXResourcesBuildPhase;
			buildActionMask = 2147483647;
			files = (
			);
			runOnlyForDeploymentPostprocessing = 0;
		};
		E11E49171EBB255C00ED83B0 /* Resources */ = {
			isa = PBXResourcesBuildPhase;
			buildActionMask = 2147483647;
			files = (
			);
			runOnlyForDeploymentPostprocessing = 0;
		};
/* End PBXResourcesBuildPhase section */

/* Begin PBXShellScriptBuildPhase section */
		293DAB57AF647C0CD8279510 /* [CP] Embed Pods Frameworks */ = {
			isa = PBXShellScriptBuildPhase;
			buildActionMask = 2147483647;
			files = (
			);
			inputPaths = (
			);
			name = "[CP] Embed Pods Frameworks";
			outputPaths = (
			);
			runOnlyForDeploymentPostprocessing = 0;
			shellPath = /bin/sh;
			shellScript = "\"${SRCROOT}/Pods/Target Support Files/Pods-POCSOSTests/Pods-POCSOSTests-frameworks.sh\"\n";
			showEnvVarsInLog = 0;
		};
		46E1A4285819632110762B0B /* [CP] Copy Pods Resources */ = {
			isa = PBXShellScriptBuildPhase;
			buildActionMask = 2147483647;
			files = (
			);
			inputPaths = (
			);
			name = "[CP] Copy Pods Resources";
			outputPaths = (
			);
			runOnlyForDeploymentPostprocessing = 0;
			shellPath = /bin/sh;
			shellScript = "\"${SRCROOT}/Pods/Target Support Files/Pods-POCSOSUITests/Pods-POCSOSUITests-resources.sh\"\n";
			showEnvVarsInLog = 0;
		};
		5780321F6084B46E841D10EB /* [CP] Check Pods Manifest.lock */ = {
			isa = PBXShellScriptBuildPhase;
			buildActionMask = 2147483647;
			files = (
			);
			inputPaths = (
			);
			name = "[CP] Check Pods Manifest.lock";
			outputPaths = (
			);
			runOnlyForDeploymentPostprocessing = 0;
			shellPath = /bin/sh;
			shellScript = "diff \"${PODS_PODFILE_DIR_PATH}/Podfile.lock\" \"${PODS_ROOT}/Manifest.lock\" > /dev/null\nif [ $? != 0 ] ; then\n    # print error to STDERR\n    echo \"error: The sandbox is not in sync with the Podfile.lock. Run 'pod install' or update your CocoaPods installation.\" >&2\n    exit 1\nfi\n";
			showEnvVarsInLog = 0;
		};
		9F6BBED50D8C1DCEF201BAAC /* [CP] Copy Pods Resources */ = {
			isa = PBXShellScriptBuildPhase;
			buildActionMask = 2147483647;
			files = (
			);
			inputPaths = (
			);
			name = "[CP] Copy Pods Resources";
			outputPaths = (
			);
			runOnlyForDeploymentPostprocessing = 0;
			shellPath = /bin/sh;
			shellScript = "\"${SRCROOT}/Pods/Target Support Files/Pods-POCSOSTests/Pods-POCSOSTests-resources.sh\"\n";
			showEnvVarsInLog = 0;
		};
		B29FB4943F8E105BE03BBD60 /* [CP] Check Pods Manifest.lock */ = {
			isa = PBXShellScriptBuildPhase;
			buildActionMask = 2147483647;
			files = (
			);
			inputPaths = (
			);
			name = "[CP] Check Pods Manifest.lock";
			outputPaths = (
			);
			runOnlyForDeploymentPostprocessing = 0;
			shellPath = /bin/sh;
			shellScript = "diff \"${PODS_PODFILE_DIR_PATH}/Podfile.lock\" \"${PODS_ROOT}/Manifest.lock\" > /dev/null\nif [ $? != 0 ] ; then\n    # print error to STDERR\n    echo \"error: The sandbox is not in sync with the Podfile.lock. Run 'pod install' or update your CocoaPods installation.\" >&2\n    exit 1\nfi\n";
			showEnvVarsInLog = 0;
		};
		B8CE87B48994A43944CB8314 /* [CP] Embed Pods Frameworks */ = {
			isa = PBXShellScriptBuildPhase;
			buildActionMask = 2147483647;
			files = (
			);
			inputPaths = (
			);
			name = "[CP] Embed Pods Frameworks";
			outputPaths = (
			);
			runOnlyForDeploymentPostprocessing = 0;
			shellPath = /bin/sh;
			shellScript = "\"${SRCROOT}/Pods/Target Support Files/Pods-POCSOSUITests/Pods-POCSOSUITests-frameworks.sh\"\n";
			showEnvVarsInLog = 0;
		};
		E312640BBB1750B038CB5884 /* [CP] Check Pods Manifest.lock */ = {
			isa = PBXShellScriptBuildPhase;
			buildActionMask = 2147483647;
			files = (
			);
			inputPaths = (
			);
			name = "[CP] Check Pods Manifest.lock";
			outputPaths = (
			);
			runOnlyForDeploymentPostprocessing = 0;
			shellPath = /bin/sh;
			shellScript = "diff \"${PODS_PODFILE_DIR_PATH}/Podfile.lock\" \"${PODS_ROOT}/Manifest.lock\" > /dev/null\nif [ $? != 0 ] ; then\n    # print error to STDERR\n    echo \"error: The sandbox is not in sync with the Podfile.lock. Run 'pod install' or update your CocoaPods installation.\" >&2\n    exit 1\nfi\n";
			showEnvVarsInLog = 0;
		};
		EB0E85D3A02E8E57C3F9ED43 /* [CP] Embed Pods Frameworks */ = {
			isa = PBXShellScriptBuildPhase;
			buildActionMask = 2147483647;
			files = (
			);
			inputPaths = (
			);
			name = "[CP] Embed Pods Frameworks";
			outputPaths = (
			);
			runOnlyForDeploymentPostprocessing = 0;
			shellPath = /bin/sh;
			shellScript = "\"${SRCROOT}/Pods/Target Support Files/Pods-POCSOS/Pods-POCSOS-frameworks.sh\"\n";
			showEnvVarsInLog = 0;
		};
		ECD1B90BC17DA63CD8961430 /* [CP] Copy Pods Resources */ = {
			isa = PBXShellScriptBuildPhase;
			buildActionMask = 2147483647;
			files = (
			);
			inputPaths = (
			);
			name = "[CP] Copy Pods Resources";
			outputPaths = (
			);
			runOnlyForDeploymentPostprocessing = 0;
			shellPath = /bin/sh;
			shellScript = "\"${SRCROOT}/Pods/Target Support Files/Pods-POCSOS/Pods-POCSOS-resources.sh\"\n";
			showEnvVarsInLog = 0;
		};
/* End PBXShellScriptBuildPhase section */

/* Begin PBXSourcesBuildPhase section */
		E11E48F11EBB255C00ED83B0 /* Sources */ = {
			isa = PBXSourcesBuildPhase;
			buildActionMask = 2147483647;
			files = (
				E11E49001EBB255C00ED83B0 /* ViewController.m in Sources */,
				E14B2E9D1EC225DC00955C6D /* CustoUiViewController.m in Sources */,
				E11E48FD1EBB255C00ED83B0 /* AppDelegate.m in Sources */,
				E11E48FA1EBB255C00ED83B0 /* main.m in Sources */,
				E1A9A4D21EC4C08100D10064 /* RootViewController.m in Sources */,
			);
			runOnlyForDeploymentPostprocessing = 0;
		};
		E11E490A1EBB255C00ED83B0 /* Sources */ = {
			isa = PBXSourcesBuildPhase;
			buildActionMask = 2147483647;
			files = (
				E11E49131EBB255C00ED83B0 /* POCSOSTests.m in Sources */,
			);
			runOnlyForDeploymentPostprocessing = 0;
		};
		E11E49151EBB255C00ED83B0 /* Sources */ = {
			isa = PBXSourcesBuildPhase;
			buildActionMask = 2147483647;
			files = (
				E11E491E1EBB255C00ED83B0 /* POCSOSUITests.m in Sources */,
			);
			runOnlyForDeploymentPostprocessing = 0;
		};
/* End PBXSourcesBuildPhase section */

/* Begin PBXTargetDependency section */
		E11E49101EBB255C00ED83B0 /* PBXTargetDependency */ = {
			isa = PBXTargetDependency;
			target = E11E48F41EBB255C00ED83B0 /* POCSOS */;
			targetProxy = E11E490F1EBB255C00ED83B0 /* PBXContainerItemProxy */;
		};
		E11E491B1EBB255C00ED83B0 /* PBXTargetDependency */ = {
			isa = PBXTargetDependency;
			target = E11E48F41EBB255C00ED83B0 /* POCSOS */;
			targetProxy = E11E491A1EBB255C00ED83B0 /* PBXContainerItemProxy */;
		};
/* End PBXTargetDependency section */

/* Begin PBXVariantGroup section */
		E11E49011EBB255C00ED83B0 /* Main.storyboard */ = {
			isa = PBXVariantGroup;
			children = (
				E11E49021EBB255C00ED83B0 /* Base */,
			);
			name = Main.storyboard;
			sourceTree = "<group>";
		};
		E11E49061EBB255C00ED83B0 /* LaunchScreen.storyboard */ = {
			isa = PBXVariantGroup;
			children = (
				E11E49071EBB255C00ED83B0 /* Base */,
			);
			name = LaunchScreen.storyboard;
			sourceTree = "<group>";
		};
/* End PBXVariantGroup section */

/* Begin XCBuildConfiguration section */
		E11E49201EBB255C00ED83B0 /* Debug */ = {
			isa = XCBuildConfiguration;
			buildSettings = {
				ALWAYS_SEARCH_USER_PATHS = NO;
				CLANG_ANALYZER_NONNULL = YES;
				CLANG_ANALYZER_NUMBER_OBJECT_CONVERSION = YES_AGGRESSIVE;
				CLANG_CXX_LANGUAGE_STANDARD = "gnu++0x";
				CLANG_CXX_LIBRARY = "libc++";
				CLANG_ENABLE_MODULES = YES;
				CLANG_ENABLE_OBJC_ARC = YES;
				CLANG_WARN_BOOL_CONVERSION = YES;
				CLANG_WARN_CONSTANT_CONVERSION = YES;
				CLANG_WARN_DIRECT_OBJC_ISA_USAGE = YES_ERROR;
				CLANG_WARN_DOCUMENTATION_COMMENTS = YES;
				CLANG_WARN_EMPTY_BODY = YES;
				CLANG_WARN_ENUM_CONVERSION = YES;
				CLANG_WARN_INFINITE_RECURSION = YES;
				CLANG_WARN_INT_CONVERSION = YES;
				CLANG_WARN_OBJC_ROOT_CLASS = YES_ERROR;
				CLANG_WARN_SUSPICIOUS_MOVE = YES;
				CLANG_WARN_UNREACHABLE_CODE = YES;
				CLANG_WARN__DUPLICATE_METHOD_MATCH = YES;
				"CODE_SIGN_IDENTITY[sdk=iphoneos*]" = "iPhone Developer";
				COPY_PHASE_STRIP = NO;
				DEBUG_INFORMATION_FORMAT = dwarf;
				ENABLE_STRICT_OBJC_MSGSEND = YES;
				ENABLE_TESTABILITY = YES;
				GCC_C_LANGUAGE_STANDARD = gnu99;
				GCC_DYNAMIC_NO_PIC = NO;
				GCC_NO_COMMON_BLOCKS = YES;
				GCC_OPTIMIZATION_LEVEL = 0;
				GCC_PREPROCESSOR_DEFINITIONS = (
					"DEBUG=1",
					"$(inherited)",
				);
				GCC_WARN_64_TO_32_BIT_CONVERSION = YES;
				GCC_WARN_ABOUT_RETURN_TYPE = YES_ERROR;
				GCC_WARN_UNDECLARED_SELECTOR = YES;
				GCC_WARN_UNINITIALIZED_AUTOS = YES_AGGRESSIVE;
				GCC_WARN_UNUSED_FUNCTION = YES;
				GCC_WARN_UNUSED_VARIABLE = YES;
				IPHONEOS_DEPLOYMENT_TARGET = 10.3;
				MTL_ENABLE_DEBUG_INFO = YES;
				ONLY_ACTIVE_ARCH = YES;
				SDKROOT = iphoneos;
				TARGETED_DEVICE_FAMILY = "1,2";
			};
			name = Debug;
		};
		E11E49211EBB255C00ED83B0 /* Release */ = {
			isa = XCBuildConfiguration;
			buildSettings = {
				ALWAYS_SEARCH_USER_PATHS = NO;
				CLANG_ANALYZER_NONNULL = YES;
				CLANG_ANALYZER_NUMBER_OBJECT_CONVERSION = YES_AGGRESSIVE;
				CLANG_CXX_LANGUAGE_STANDARD = "gnu++0x";
				CLANG_CXX_LIBRARY = "libc++";
				CLANG_ENABLE_MODULES = YES;
				CLANG_ENABLE_OBJC_ARC = YES;
				CLANG_WARN_BOOL_CONVERSION = YES;
				CLANG_WARN_CONSTANT_CONVERSION = YES;
				CLANG_WARN_DIRECT_OBJC_ISA_USAGE = YES_ERROR;
				CLANG_WARN_DOCUMENTATION_COMMENTS = YES;
				CLANG_WARN_EMPTY_BODY = YES;
				CLANG_WARN_ENUM_CONVERSION = YES;
				CLANG_WARN_INFINITE_RECURSION = YES;
				CLANG_WARN_INT_CONVERSION = YES;
				CLANG_WARN_OBJC_ROOT_CLASS = YES_ERROR;
				CLANG_WARN_SUSPICIOUS_MOVE = YES;
				CLANG_WARN_UNREACHABLE_CODE = YES;
				CLANG_WARN__DUPLICATE_METHOD_MATCH = YES;
				"CODE_SIGN_IDENTITY[sdk=iphoneos*]" = "iPhone Developer";
				COPY_PHASE_STRIP = NO;
				DEBUG_INFORMATION_FORMAT = "dwarf-with-dsym";
				ENABLE_NS_ASSERTIONS = NO;
				ENABLE_STRICT_OBJC_MSGSEND = YES;
				GCC_C_LANGUAGE_STANDARD = gnu99;
				GCC_NO_COMMON_BLOCKS = YES;
				GCC_WARN_64_TO_32_BIT_CONVERSION = YES;
				GCC_WARN_ABOUT_RETURN_TYPE = YES_ERROR;
				GCC_WARN_UNDECLARED_SELECTOR = YES;
				GCC_WARN_UNINITIALIZED_AUTOS = YES_AGGRESSIVE;
				GCC_WARN_UNUSED_FUNCTION = YES;
				GCC_WARN_UNUSED_VARIABLE = YES;
				IPHONEOS_DEPLOYMENT_TARGET = 10.3;
				MTL_ENABLE_DEBUG_INFO = NO;
				SDKROOT = iphoneos;
				TARGETED_DEVICE_FAMILY = "1,2";
				VALIDATE_PRODUCT = YES;
			};
			name = Release;
		};
		E11E49231EBB255C00ED83B0 /* Debug */ = {
			isa = XCBuildConfiguration;
			baseConfigurationReference = 2BA09E4BCADB651991EBB596 /* Pods-POCSOS.debug.xcconfig */;
			buildSettings = {
				DEVELOPMENT_TEAM = 359Q9UBY2Q;
				ENABLE_BITCODE = NO;
				INFOPLIST_FILE = POCSOS/Info.plist;
				LD_RUNPATH_SEARCH_PATHS = "$(inherited) @executable_path/Frameworks";
				PRODUCT_BUNDLE_IDENTIFIER = oise.POCSOS;
				PRODUCT_NAME = "$(TARGET_NAME)";
			};
			name = Debug;
		};
		E11E49241EBB255C00ED83B0 /* Release */ = {
			isa = XCBuildConfiguration;
			baseConfigurationReference = A3D6A7CA0FC78494DC74E64D /* Pods-POCSOS.release.xcconfig */;
			buildSettings = {
				DEVELOPMENT_TEAM = 359Q9UBY2Q;
				ENABLE_BITCODE = NO;
				INFOPLIST_FILE = POCSOS/Info.plist;
				LD_RUNPATH_SEARCH_PATHS = "$(inherited) @executable_path/Frameworks";
				PRODUCT_BUNDLE_IDENTIFIER = oise.POCSOS;
				PRODUCT_NAME = "$(TARGET_NAME)";
			};
			name = Release;
		};
		E11E49261EBB255C00ED83B0 /* Debug */ = {
			isa = XCBuildConfiguration;
			baseConfigurationReference = 66EAF280AB5DE24A8C0C4315 /* Pods-POCSOSTests.debug.xcconfig */;
			buildSettings = {
				BUNDLE_LOADER = "$(TEST_HOST)";
				DEVELOPMENT_TEAM = 359Q9UBY2Q;
				INFOPLIST_FILE = POCSOSTests/Info.plist;
				LD_RUNPATH_SEARCH_PATHS = "$(inherited) @executable_path/Frameworks @loader_path/Frameworks";
				PRODUCT_BUNDLE_IDENTIFIER = oise.POCSOSTests;
				PRODUCT_NAME = "$(TARGET_NAME)";
				TEST_HOST = "$(BUILT_PRODUCTS_DIR)/POCSOS.app/POCSOS";
			};
			name = Debug;
		};
		E11E49271EBB255C00ED83B0 /* Release */ = {
			isa = XCBuildConfiguration;
			baseConfigurationReference = 11EE04944C9882F9017FAE10 /* Pods-POCSOSTests.release.xcconfig */;
			buildSettings = {
				BUNDLE_LOADER = "$(TEST_HOST)";
				DEVELOPMENT_TEAM = 359Q9UBY2Q;
				INFOPLIST_FILE = POCSOSTests/Info.plist;
				LD_RUNPATH_SEARCH_PATHS = "$(inherited) @executable_path/Frameworks @loader_path/Frameworks";
				PRODUCT_BUNDLE_IDENTIFIER = oise.POCSOSTests;
				PRODUCT_NAME = "$(TARGET_NAME)";
				TEST_HOST = "$(BUILT_PRODUCTS_DIR)/POCSOS.app/POCSOS";
			};
			name = Release;
		};
		E11E49291EBB255C00ED83B0 /* Debug */ = {
			isa = XCBuildConfiguration;
			baseConfigurationReference = 46B183AE6FF33CF80A1E387F /* Pods-POCSOSUITests.debug.xcconfig */;
			buildSettings = {
				DEVELOPMENT_TEAM = 359Q9UBY2Q;
				INFOPLIST_FILE = POCSOSUITests/Info.plist;
				LD_RUNPATH_SEARCH_PATHS = "$(inherited) @executable_path/Frameworks @loader_path/Frameworks";
				PRODUCT_BUNDLE_IDENTIFIER = oise.POCSOSUITests;
				PRODUCT_NAME = "$(TARGET_NAME)";
				TEST_TARGET_NAME = POCSOS;
			};
			name = Debug;
		};
		E11E492A1EBB255C00ED83B0 /* Release */ = {
			isa = XCBuildConfiguration;
			baseConfigurationReference = 4AE24C9F0C0DC90E919653E8 /* Pods-POCSOSUITests.release.xcconfig */;
			buildSettings = {
				DEVELOPMENT_TEAM = 359Q9UBY2Q;
				INFOPLIST_FILE = POCSOSUITests/Info.plist;
				LD_RUNPATH_SEARCH_PATHS = "$(inherited) @executable_path/Frameworks @loader_path/Frameworks";
				PRODUCT_BUNDLE_IDENTIFIER = oise.POCSOSUITests;
				PRODUCT_NAME = "$(TARGET_NAME)";
				TEST_TARGET_NAME = POCSOS;
			};
			name = Release;
		};
/* End XCBuildConfiguration section */

/* Begin XCConfigurationList section */
		E11E48F01EBB255C00ED83B0 /* Build configuration list for PBXProject "POCSOS" */ = {
			isa = XCConfigurationList;
			buildConfigurations = (
				E11E49201EBB255C00ED83B0 /* Debug */,
				E11E49211EBB255C00ED83B0 /* Release */,
			);
			defaultConfigurationIsVisible = 0;
			defaultConfigurationName = Release;
		};
		E11E49221EBB255C00ED83B0 /* Build configuration list for PBXNativeTarget "POCSOS" */ = {
			isa = XCConfigurationList;
			buildConfigurations = (
				E11E49231EBB255C00ED83B0 /* Debug */,
				E11E49241EBB255C00ED83B0 /* Release */,
			);
			defaultConfigurationIsVisible = 0;
			defaultConfigurationName = Release;
		};
		E11E49251EBB255C00ED83B0 /* Build configuration list for PBXNativeTarget "POCSOSTests" */ = {
			isa = XCConfigurationList;
			buildConfigurations = (
				E11E49261EBB255C00ED83B0 /* Debug */,
				E11E49271EBB255C00ED83B0 /* Release */,
			);
			defaultConfigurationIsVisible = 0;
			defaultConfigurationName = Release;
		};
		E11E49281EBB255C00ED83B0 /* Build configuration list for PBXNativeTarget "POCSOSUITests" */ = {
			isa = XCConfigurationList;
			buildConfigurations = (
				E11E49291EBB255C00ED83B0 /* Debug */,
				E11E492A1EBB255C00ED83B0 /* Release */,
			);
			defaultConfigurationIsVisible = 0;
			defaultConfigurationName = Release;
		};
/* End XCConfigurationList section */
	};
	rootObject = E11E48ED1EBB255C00ED83B0 /* Project object */;
}
